# This file is generated by running "yarn install" inside your project.
# Manual changes might be lost - proceed with caution!

__metadata:
  version: 6
  cacheKey: 8

"@logue/wasmc@workspace:.":
  version: 0.0.0-use.local
  resolution: "@logue/wasmc@workspace:."
  dependencies:
    google-closure-compiler: ^20221102.0.1
    rollup: ^0.68.2
    source-map-support: ^0.5.21
    uglify-es: ^3.3.9
  bin:
    wasmc: wasmc
  languageName: unknown
  linkType: soft

"@types/estree@npm:0.0.39":
  version: 0.0.39
  resolution: "@types/estree@npm:0.0.39"
  checksum: 412fb5b9868f2c418126451821833414189b75cc6bf84361156feed733e3d92ec220b9d74a89e52722e03d5e241b2932732711b7497374a404fad49087adc248
  languageName: node
  linkType: hard

"@types/node@npm:*":
  version: 18.11.18
  resolution: "@types/node@npm:18.11.18"
  checksum: 03f17f9480f8d775c8a72da5ea7e9383db5f6d85aa5fefde90dd953a1449bd5e4ffde376f139da4f3744b4c83942166d2a7603969a6f8ea826edfb16e6e3b49d
  languageName: node
  linkType: hard

"ansi-styles@npm:^4.1.0":
  version: 4.3.0
  resolution: "ansi-styles@npm:4.3.0"
  dependencies:
    color-convert: ^2.0.1
  checksum: 513b44c3b2105dd14cc42a19271e80f386466c4be574bccf60b627432f9198571ebf4ab1e4c3ba17347658f4ee1711c163d574248c0c1cdc2d5917a0ad582ec4
  languageName: node
  linkType: hard

"buffer-from@npm:^1.0.0":
  version: 1.1.2
  resolution: "buffer-from@npm:1.1.2"
  checksum: 0448524a562b37d4d7ed9efd91685a5b77a50672c556ea254ac9a6d30e3403a517d8981f10e565db24e8339413b43c97ca2951f10e399c6125a0d8911f5679bb
  languageName: node
  linkType: hard

"chalk@npm:4.x":
  version: 4.1.2
  resolution: "chalk@npm:4.1.2"
  dependencies:
    ansi-styles: ^4.1.0
    supports-color: ^7.1.0
  checksum: fe75c9d5c76a7a98d45495b91b2172fa3b7a09e0cc9370e5c8feb1c567b85c4288e2b3fded7cfdd7359ac28d6b3844feb8b82b8686842e93d23c827c417e83fc
  languageName: node
  linkType: hard

"clone-buffer@npm:^1.0.0":
  version: 1.0.0
  resolution: "clone-buffer@npm:1.0.0"
  checksum: a39a35e7fd081e0f362ba8195bd15cbc8205df1fbe4598bb4e09c1f9a13c0320a47ab8a61a8aa83561e4ed34dc07666d73254ee952ddd3985e4286b082fe63b9
  languageName: node
  linkType: hard

"clone-stats@npm:^1.0.0":
  version: 1.0.0
  resolution: "clone-stats@npm:1.0.0"
  checksum: 654c0425afc5c5c55a4d95b2e0c6eccdd55b5247e7a1e7cca9000b13688b96b0a157950c72c5307f9fd61f17333ad796d3cd654778f2d605438012391cc4ada5
  languageName: node
  linkType: hard

"clone@npm:^2.1.1":
  version: 2.1.2
  resolution: "clone@npm:2.1.2"
  checksum: aaf106e9bc025b21333e2f4c12da539b568db4925c0501a1bf4070836c9e848c892fa22c35548ce0d1132b08bbbfa17a00144fe58fccdab6fa900fec4250f67d
  languageName: node
  linkType: hard

"cloneable-readable@npm:^1.0.0":
  version: 1.1.3
  resolution: "cloneable-readable@npm:1.1.3"
  dependencies:
    inherits: ^2.0.1
    process-nextick-args: ^2.0.0
    readable-stream: ^2.3.5
  checksum: 23b3741225a80c1760dff58aafb6a45383d5ee2d42de7124e4e674387cfad2404493d685b35ebfca9098f99c296e5c5719e748c9750c13838a2016ea2d2bb83a
  languageName: node
  linkType: hard

"color-convert@npm:^2.0.1":
  version: 2.0.1
  resolution: "color-convert@npm:2.0.1"
  dependencies:
    color-name: ~1.1.4
  checksum: 79e6bdb9fd479a205c71d89574fccfb22bd9053bd98c6c4d870d65c132e5e904e6034978e55b43d69fcaa7433af2016ee203ce76eeba9cfa554b373e7f7db336
  languageName: node
  linkType: hard

"color-name@npm:~1.1.4":
  version: 1.1.4
  resolution: "color-name@npm:1.1.4"
  checksum: b0445859521eb4021cd0fb0cc1a75cecf67fceecae89b63f62b201cca8d345baf8b952c966862a9d9a2632987d4f6581f0ec8d957dfacece86f0a7919316f610
  languageName: node
  linkType: hard

"commander@npm:~2.14.1":
  version: 2.14.1
  resolution: "commander@npm:2.14.1"
  checksum: 26bd49febeac8efabb7488fb5a4a2480b04bc4c4eef3c50da93eead72959f7a5232d003deda5b9761937205721274e80108f6d1d2b45ae7a8387cfb92031084e
  languageName: node
  linkType: hard

"core-util-is@npm:~1.0.0":
  version: 1.0.3
  resolution: "core-util-is@npm:1.0.3"
  checksum: 9de8597363a8e9b9952491ebe18167e3b36e7707569eed0ebf14f8bba773611376466ae34575bca8cfe3c767890c859c74056084738f09d4e4a6f902b2ad7d99
  languageName: node
  linkType: hard

"google-closure-compiler-java@npm:^20221102.0.1":
  version: 20221102.0.1
  resolution: "google-closure-compiler-java@npm:20221102.0.1"
  checksum: 373db2650045bb45a96b06e888ca62c09b7bd43c4763b23af4a54ce46c460e23f01eda2df1d8f70902ae266b6adadaed0a67361555bb43e2e23e9f9105982043
  languageName: node
  linkType: hard

"google-closure-compiler-linux@npm:^20221102.0.1":
  version: 20221102.0.1
  resolution: "google-closure-compiler-linux@npm:20221102.0.1"
  conditions: os=linux & (cpu=x32 | cpu=x64)
  languageName: node
  linkType: hard

"google-closure-compiler-osx@npm:^20221102.0.1":
  version: 20221102.0.1
  resolution: "google-closure-compiler-osx@npm:20221102.0.1"
  conditions: os=darwin & (cpu=x32 | cpu=x64 | cpu=arm64)
  languageName: node
  linkType: hard

"google-closure-compiler-windows@npm:^20221102.0.1":
  version: 20221102.0.1
  resolution: "google-closure-compiler-windows@npm:20221102.0.1"
  conditions: os=win32 & (cpu=x32 | cpu=x64)
  languageName: node
  linkType: hard

"google-closure-compiler@npm:^20221102.0.1":
  version: 20221102.0.1
  resolution: "google-closure-compiler@npm:20221102.0.1"
  dependencies:
    chalk: 4.x
    google-closure-compiler-java: ^20221102.0.1
    google-closure-compiler-linux: ^20221102.0.1
    google-closure-compiler-osx: ^20221102.0.1
    google-closure-compiler-windows: ^20221102.0.1
    minimist: 1.x
    vinyl: 2.x
    vinyl-sourcemaps-apply: ^0.2.0
  dependenciesMeta:
    google-closure-compiler-linux:
      optional: true
    google-closure-compiler-osx:
      optional: true
    google-closure-compiler-windows:
      optional: true
  bin:
    google-closure-compiler: cli.js
  checksum: 10715f1b5fe946764e5a6290d4c64e2f9f6bb3f898be75a7acd38ebc69b020ca093d0c60e9f2632e231ec58ae827c7b5e823c2f8a420d57e107a4e2135505120
  languageName: node
  linkType: hard

"has-flag@npm:^4.0.0":
  version: 4.0.0
  resolution: "has-flag@npm:4.0.0"
  checksum: 261a1357037ead75e338156b1f9452c016a37dcd3283a972a30d9e4a87441ba372c8b81f818cd0fbcd9c0354b4ae7e18b9e1afa1971164aef6d18c2b6095a8ad
  languageName: node
  linkType: hard

"inherits@npm:^2.0.1, inherits@npm:~2.0.3":
  version: 2.0.4
  resolution: "inherits@npm:2.0.4"
  checksum: 4a48a733847879d6cf6691860a6b1e3f0f4754176e4d71494c41f3475553768b10f84b5ce1d40fbd0e34e6bfbb864ee35858ad4dd2cf31e02fc4a154b724d7f1
  languageName: node
  linkType: hard

"isarray@npm:~1.0.0":
  version: 1.0.0
  resolution: "isarray@npm:1.0.0"
  checksum: f032df8e02dce8ec565cf2eb605ea939bdccea528dbcf565cdf92bfa2da9110461159d86a537388ef1acef8815a330642d7885b29010e8f7eac967c9993b65ab
  languageName: node
  linkType: hard

"minimist@npm:1.x":
  version: 1.2.7
  resolution: "minimist@npm:1.2.7"
  checksum: 7346574a1038ca23c32e02252f603801f09384dd1d78b69a943a4e8c2c28730b80e96193882d3d3b22a063445f460e48316b29b8a25addca2d7e5e8f75478bec
  languageName: node
  linkType: hard

"process-nextick-args@npm:^2.0.0, process-nextick-args@npm:~2.0.0":
  version: 2.0.1
  resolution: "process-nextick-args@npm:2.0.1"
  checksum: 1d38588e520dab7cea67cbbe2efdd86a10cc7a074c09657635e34f035277b59fbb57d09d8638346bf7090f8e8ebc070c96fa5fd183b777fff4f5edff5e9466cf
  languageName: node
  linkType: hard

"readable-stream@npm:^2.3.5":
  version: 2.3.7
  resolution: "readable-stream@npm:2.3.7"
  dependencies:
    core-util-is: ~1.0.0
    inherits: ~2.0.3
    isarray: ~1.0.0
    process-nextick-args: ~2.0.0
    safe-buffer: ~5.1.1
    string_decoder: ~1.1.1
    util-deprecate: ~1.0.1
  checksum: e4920cf7549a60f8aaf694d483a0e61b2a878b969d224f89b3bc788b8d920075132c4b55a7494ee944c7b6a9a0eada28a7f6220d80b0312ece70bbf08eeca755
  languageName: node
  linkType: hard

"remove-trailing-separator@npm:^1.0.1":
  version: 1.1.0
  resolution: "remove-trailing-separator@npm:1.1.0"
  checksum: d3c20b5a2d987db13e1cca9385d56ecfa1641bae143b620835ac02a6b70ab88f68f117a0021838db826c57b31373d609d52e4f31aca75fc490c862732d595419
  languageName: node
  linkType: hard

"replace-ext@npm:^1.0.0":
  version: 1.0.1
  resolution: "replace-ext@npm:1.0.1"
  checksum: 4994ea1aaa3d32d152a8d98ff638988812c4fa35ba55485630008fe6f49e3384a8a710878e6fd7304b42b38d1b64c1cd070e78ece411f327735581a79dd88571
  languageName: node
  linkType: hard

"rollup@npm:^0.68.2":
  version: 0.68.2
  resolution: "rollup@npm:0.68.2"
  dependencies:
    "@types/estree": 0.0.39
    "@types/node": "*"
  bin:
    rollup: ./bin/rollup
  checksum: 0435c55c4a612051ae77972f19703e4d0787b4130dd0a8b0ab4d9130281af9b9c31900444b593dd3617ab75226b3543db924ef60564ad05a410146aa5ece5182
  languageName: node
  linkType: hard

"safe-buffer@npm:~5.1.0, safe-buffer@npm:~5.1.1":
  version: 5.1.2
  resolution: "safe-buffer@npm:5.1.2"
  checksum: f2f1f7943ca44a594893a852894055cf619c1fbcb611237fc39e461ae751187e7baf4dc391a72125e0ac4fb2d8c5c0b3c71529622e6a58f46b960211e704903c
  languageName: node
  linkType: hard

"source-map-support@npm:^0.5.21":
  version: 0.5.21
  resolution: "source-map-support@npm:0.5.21"
  dependencies:
    buffer-from: ^1.0.0
    source-map: ^0.6.0
  checksum: 43e98d700d79af1d36f859bdb7318e601dfc918c7ba2e98456118ebc4c4872b327773e5a1df09b0524e9e5063bb18f0934538eace60cca2710d1fa687645d137
  languageName: node
  linkType: hard

"source-map@npm:^0.5.1":
  version: 0.5.7
  resolution: "source-map@npm:0.5.7"
  checksum: 5dc2043b93d2f194142c7f38f74a24670cd7a0063acdaf4bf01d2964b402257ae843c2a8fa822ad5b71013b5fcafa55af7421383da919752f22ff488bc553f4d
  languageName: node
  linkType: hard

"source-map@npm:^0.6.0, source-map@npm:~0.6.1":
  version: 0.6.1
  resolution: "source-map@npm:0.6.1"
  checksum: 59ce8640cf3f3124f64ac289012c2b8bd377c238e316fb323ea22fbfe83da07d81e000071d7242cad7a23cd91c7de98e4df8830ec3f133cb6133a5f6e9f67bc2
  languageName: node
  linkType: hard

"string_decoder@npm:~1.1.1":
  version: 1.1.1
  resolution: "string_decoder@npm:1.1.1"
  dependencies:
    safe-buffer: ~5.1.0
  checksum: 9ab7e56f9d60a28f2be697419917c50cac19f3e8e6c28ef26ed5f4852289fe0de5d6997d29becf59028556f2c62983790c1d9ba1e2a3cc401768ca12d5183a5b
  languageName: node
  linkType: hard

"supports-color@npm:^7.1.0":
  version: 7.2.0
  resolution: "supports-color@npm:7.2.0"
  dependencies:
    has-flag: ^4.0.0
  checksum: 3dda818de06ebbe5b9653e07842d9479f3555ebc77e9a0280caf5a14fb877ffee9ed57007c3b78f5a6324b8dbeec648d9e97a24e2ed9fdb81ddc69ea07100f4a
  languageName: node
  linkType: hard

"uglify-es@npm:^3.3.9":
  version: 3.3.10
  resolution: "uglify-es@npm:3.3.10"
  dependencies:
    commander: ~2.14.1
    source-map: ~0.6.1
  bin:
    uglifyjs: bin/uglifyjs
  checksum: 22b028b6454c4d684c76617e9ac5b8da0e56611b32cd5d89e797225d6f1022f697a5642d9084319436df3aed462225749f8287d37bf67dccda1ac9d0365dd950
  languageName: node
  linkType: hard

"util-deprecate@npm:~1.0.1":
  version: 1.0.2
  resolution: "util-deprecate@npm:1.0.2"
  checksum: 474acf1146cb2701fe3b074892217553dfcf9a031280919ba1b8d651a068c9b15d863b7303cb15bd00a862b498e6cf4ad7b4a08fb134edd5a6f7641681cb54a2
  languageName: node
  linkType: hard

"vinyl-sourcemaps-apply@npm:^0.2.0":
  version: 0.2.1
  resolution: "vinyl-sourcemaps-apply@npm:0.2.1"
  dependencies:
    source-map: ^0.5.1
  checksum: c1a81b085fc2ee7c140ab26cb1a87031b79590c22a992dafcbc47f8db74e58fbfca2689200df6a08c341e65a67b539dcee14a7fd80e6fdeaa2e88bfe2622f361
  languageName: node
  linkType: hard

"vinyl@npm:2.x":
  version: 2.2.1
  resolution: "vinyl@npm:2.2.1"
  dependencies:
    clone: ^2.1.1
    clone-buffer: ^1.0.0
    clone-stats: ^1.0.0
    cloneable-readable: ^1.0.0
    remove-trailing-separator: ^1.0.1
    replace-ext: ^1.0.0
  checksum: 1f663973f1362f2d074b554f79ff7673187667082373b3d3e628beb1fc2a7ff33024f10b492fbd8db421a09ea3b7b22c3d3de4a0f0e73ead7b4685af570b906f
  languageName: node
  linkType: hard
